// !$*UTF8*$!
{
	archiveVersion = 1;
	classes = {
	};
	objectVersion = 50;
	objects = {

/* Begin PBXBuildFile section */
		5CA6D5CC21FAF9D100E5229A /* AppDelegate.swift in Sources */ = {isa = PBXBuildFile; fileRef = 5CA6D5CB21FAF9D100E5229A /* AppDelegate.swift */; };
		5CA6D5CE21FAF9D100E5229A /* ViewController.swift in Sources */ = {isa = PBXBuildFile; fileRef = 5CA6D5CD21FAF9D100E5229A /* ViewController.swift */; };
		5CA6D5D121FAF9D100E5229A /* Main.storyboard in Resources */ = {isa = PBXBuildFile; fileRef = 5CA6D5CF21FAF9D100E5229A /* Main.storyboard */; };
		5CA6D5D321FAF9D100E5229A /* Assets.xcassets in Resources */ = {isa = PBXBuildFile; fileRef = 5CA6D5D221FAF9D100E5229A /* Assets.xcassets */; };
		5CA6D5D621FAF9D100E5229A /* LaunchScreen.storyboard in Resources */ = {isa = PBXBuildFile; fileRef = 5CA6D5D421FAF9D100E5229A /* LaunchScreen.storyboard */; };
		5CA6D5DE21FAFA3800E5229A /* GoogleAuth.swift in Sources */ = {isa = PBXBuildFile; fileRef = 5CA6D5DD21FAFA3800E5229A /* GoogleAuth.swift */; };
		5CA6D5E021FAFBF700E5229A /* TwitterAuth.swift in Sources */ = {isa = PBXBuildFile; fileRef = 5CA6D5DF21FAFBF700E5229A /* TwitterAuth.swift */; };
		5CA6D5E321FAFCAA00E5229A /* AuthService.swift in Sources */ = {isa = PBXBuildFile; fileRef = 5CA6D5E221FAFCAA00E5229A /* AuthService.swift */; };
/* End PBXBuildFile section */

/* Begin PBXFileReference section */
		5CA6D5C821FAF9D100E5229A /* AdapterPatternd.app */ = {isa = PBXFileReference; explicitFileType = wrapper.application; includeInIndex = 0; path = AdapterPatternd.app; sourceTree = BUILT_PRODUCTS_DIR; };
		5CA6D5CB21FAF9D100E5229A /* AppDelegate.swift */ = {isa = PBXFileReference; lastKnownFileType = sourcecode.swift; path = AppDelegate.swift; sourceTree = "<group>"; };
		5CA6D5CD21FAF9D100E5229A /* ViewController.swift */ = {isa = PBXFileReference; lastKnownFileType = sourcecode.swift; path = ViewController.swift; sourceTree = "<group>"; };
		5CA6D5D021FAF9D100E5229A /* Base */ = {isa = PBXFileReference; lastKnownFileType = file.storyboard; name = Base; path = Base.lproj/Main.storyboard; sourceTree = "<group>"; };
		5CA6D5D221FAF9D100E5229A /* Assets.xcassets */ = {isa = PBXFileReference; lastKnownFileType = folder.assetcatalog; path = Assets.xcassets; sourceTree = "<group>"; };
		5CA6D5D521FAF9D100E5229A /* Base */ = {isa = PBXFileReference; lastKnownFileType = file.storyboard; name = Base; path = Base.lproj/LaunchScreen.storyboard; sourceTree = "<group>"; };
		5CA6D5D721FAF9D100E5229A /* Info.plist */ = {isa = PBXFileReference; lastKnownFileType = text.plist.xml; path = Info.plist; sourceTree = "<group>"; };
		5CA6D5DD21FAFA3800E5229A /* GoogleAuth.swift */ = {isa = PBXFileReference; lastKnownFileType = sourcecode.swift; path = GoogleAuth.swift; sourceTree = "<group>"; };
		5CA6D5DF21FAFBF700E5229A /* TwitterAuth.swift */ = {isa = PBXFileReference; lastKnownFileType = sourcecode.swift; path = TwitterAuth.swift; sourceTree = "<group>"; };
		5CA6D5E221FAFCAA00E5229A /* AuthService.swift */ = {isa = PBXFileReference; lastKnownFileType = sourcecode.swift; path = AuthService.swift; sourceTree = "<group>"; };
/* End PBXFileReference section */

/* Begin PBXFrameworksBuildPhase section */
		5CA6D5C521FAF9D000E5229A /* Frameworks */ = {
			isa = PBXFrameworksBuildPhase;
			buildActionMask = 2147483647;
			files = (
			);
			runOnlyForDeploymentPostprocessing = 0;
		};
/* End PBXFrameworksBuildPhase section */

/* Begin PBXGroup section */
		5CA6D5BF21FAF9D000E5229A = {
			isa = PBXGroup;
			children = (
				5CA6D5CA21FAF9D100E5229A /* AdapterPatternd */,
				5CA6D5C921FAF9D100E5229A /* Products */,
			);
			sourceTree = "<group>";
		};
		5CA6D5C921FAF9D100E5229A /* Products */ = {
			isa = PBXGroup;
			children = (
				5CA6D5C821FAF9D100E5229A /* AdapterPatternd.app */,
			);
			name = Products;
			sourceTree = "<group>";
		};
		5CA6D5CA21FAF9D100E5229A /* AdapterPatternd */ = {
			isa = PBXGroup;
			children = (
				5CA6D5E121FAFC1F00E5229A /* Auth */,
				5CA6D5D221FAF9D100E5229A /* Assets.xcassets */,
				5CA6D5CB21FAF9D100E5229A /* AppDelegate.swift */,
				5CA6D5CD21FAF9D100E5229A /* ViewController.swift */,
				5CA6D5CF21FAF9D100E5229A /* Main.storyboard */,
				5CA6D5D421FAF9D100E5229A /* LaunchScreen.storyboard */,
				5CA6D5D721FAF9D100E5229A /* Info.plist */,
			);
			path = AdapterPatternd;
			sourceTree = "<group>";
		};
		5CA6D5E121FAFC1F00E5229A /* Auth */ = {
			isa = PBXGroup;
			children = (
				5CA6D5E221FAFCAA00E5229A /* AuthService.swift */,
				5CA6D5DD21FAFA3800E5229A /* GoogleAuth.swift */,
				5CA6D5DF21FAFBF700E5229A /* TwitterAuth.swift */,
			);
			path = Auth;
			sourceTree = "<group>";
		};
/* End PBXGroup section */

/* Begin PBXNativeTarget section */
		5CA6D5C721FAF9D000E5229A /* AdapterPatternd */ = {
			isa = PBXNativeTarget;
			buildConfigurationList = 5CA6D5DA21FAF9D100E5229A /* Build configuration list for PBXNativeTarget "AdapterPatternd" */;
			buildPhases = (
				5CA6D5C421FAF9D000E5229A /* Sources */,
				5CA6D5C521FAF9D000E5229A /* Frameworks */,
				5CA6D5C621FAF9D000E5229A /* Resources */,
			);
			buildRules = (
			);
			dependencies = (
			);
			name = AdapterPatternd;
			productName = AdapterPatternd;
			productReference = 5CA6D5C821FAF9D100E5229A /* AdapterPatternd.app */;
			productType = "com.apple.product-type.application";
		};
/* End PBXNativeTarget section */

/* Begin PBXProject section */
		5CA6D5C021FAF9D000E5229A /* Project object */ = {
			isa = PBXProject;
			attributes = {
				LastSwiftUpdateCheck = 1010;
				LastUpgradeCheck = 1010;
				ORGANIZATIONNAME = "Evgeniy Ryshkov";
				TargetAttributes = {
					5CA6D5C721FAF9D000E5229A = {
						CreatedOnToolsVersion = 10.1;
					};
				};
			};
			buildConfigurationList = 5CA6D5C321FAF9D000E5229A /* Build configuration list for PBXProject "AdapterPatternd" */;
			compatibilityVersion = "Xcode 9.3";
			developmentRegion = en;
			hasScannedForEncodings = 0;
			knownRegions = (
				en,
				Base,
			);
			mainGroup = 5CA6D5BF21FAF9D000E5229A;
			productRefGroup = 5CA6D5C921FAF9D100E5229A /* Products */;
			projectDirPath = "";
			projectRoot = "";
			targets = (
				5CA6D5C721FAF9D000E5229A /* AdapterPatternd */,
			);
		};
/* End PBXProject section */

/* Begin PBXResourcesBuildPhase section */
		5CA6D5C621FAF9D000E5229A /* Resources */ = {
			isa = PBXResourcesBuildPhase;
			buildActionMask = 2147483647;
			files = (
				5CA6D5D621FAF9D100E5229A /* LaunchScreen.storyboard in Resources */,
				5CA6D5D321FAF9D100E5229A /* Assets.xcassets in Resources */,
				5CA6D5D121FAF9D100E5229A /* Main.storyboard in Resources */,
			);
			runOnlyForDeploymentPostprocessing = 0;
		};
/* End PBXResourcesBuildPhase section */

/* Begin PBXSourcesBuildPhase section */
		5CA6D5C421FAF9D000E5229A /* Sources */ = {
			isa = PBXSourcesBuildPhase;
			buildActionMask = 2147483647;
			files = (
				5CA6D5CE21FAF9D100E5229A /* ViewController.swift in Sources */,
				5CA6D5E021FAFBF700E5229A /* TwitterAuth.swift in Sources */,
				5CA6D5E321FAFCAA00E5229A /* AuthService.swift in Sources */,
				5CA6D5CC21FAF9D100E5229A /* AppDelegate.swift in Sources */,
				5CA6D5DE21FAFA3800E5229A /* GoogleAuth.swift in Sources */,
			);
			runOnlyForDeploymentPostprocessing = 0;
		};
/* End PBXSourcesBuildPhase section */

/* Begin PBXVariantGroup section */
		5CA6D5CF21FAF9D100E5229A /* Main.storyboard */ = {
			isa = PBXVariantGroup;
			children = (
				5CA6D5D021FAF9D100E5229A /* Base */,
			);
			name = Main.storyboard;
			sourceTree = "<group>";
		};
		5CA6D5D421FAF9D100E5229A /* LaunchScreen.storyboard */ = {
			isa = PBXVariantGroup;
			children = (
				5CA6D5D521FAF9D100E5229A /* Base */,
			);
			name = LaunchScreen.storyboard;
			sourceTree = "<group>";
		};
/* End PBXVariantGroup section */

/* Begin XCBuildConfiguration section */
		5CA6D5D821FAF9D100E5229A /* Debug */ = {
			isa = XCBuildConfiguration;
			buildSettings = {
				ALWAYS_SEARCH_USER_PATHS = NO;
				CLANG_ANALYZER_NONNULL = YES;
				CLANG_ANALYZER_NUMBER_OBJECT_CONVERSION = YES_AGGRESSIVE;
				CLANG_CXX_LANGUAGE_STANDARD = "gnu++14";
				CLANG_CXX_LIBRARY = "libc++";
				CLANG_ENABLE_MODULES = YES;
				CLANG_ENABLE_OBJC_ARC = YES;
				CLANG_ENABLE_OBJC_WEAK = YES;
				CLANG_WARN_BLOCK_CAPTURE_AUTORELEASING = YES;
				CLANG_WARN_BOOL_CONVERSION = YES;
				CLANG_WARN_COMMA = YES;
				CLANG_WARN_CONSTANT_CONVERSION = YES;
				CLANG_WARN_DEPRECATED_OBJC_IMPLEMENTATIONS = YES;
				CLANG_WARN_DIRECT_OBJC_ISA_USAGE = YES_ERROR;
				CLANG_WARN_DOCUMENTATION_COMMENTS = YES;
				CLANG_WARN_EMPTY_BODY = YES;
				CLANG_WARN_ENUM_CONVERSION = YES;
				CLANG_WARN_INFINITE_RECURSION = YES;
				CLANG_WARN_INT_CONVERSION = YES;
				CLANG_WARN_NON_LITERAL_NULL_CONVERSION = YES;
				CLANG_WARN_OBJC_IMPLICIT_RETAIN_SELF = YES;
				CLANG_WARN_OBJC_LITERAL_CONVERSION = YES;
				CLANG_WARN_OBJC_ROOT_CLASS = YES_ERROR;
				CLANG_WARN_RANGE_LOOP_ANALYSIS = YES;
				CLANG_WARN_STRICT_PROTOTYPES = YES;
				CLANG_WARN_SUSPICIOUS_MOVE = YES;
				CLANG_WARN_UNGUARDED_AVAILABILITY = YES_AGGRESSIVE;
				CLANG_WARN_UNREACHABLE_CODE = YES;
				CLANG_WARN__DUPLICATE_METHOD_MATCH = YES;
				CODE_SIGN_IDENTITY = "iPhone Developer";
				COPY_PHASE_STRIP = NO;
				DEBUG_INFORMATION_FORMAT = dwarf;
				ENABLE_STRICT_OBJC_MSGSEND = YES;
				ENABLE_TESTABILITY = YES;
				GCC_C_LANGUAGE_STANDARD = gnu11;
				GCC_DYNAMIC_NO_PIC = NO;
				GCC_NO_COMMON_BLOCKS = YES;
				GCC_OPTIMIZATION_LEVEL = 0;
				GCC_PREPROCESSOR_DEFINITIONS = (
					"DEBUG=1",
					"$(inherited)",
				);
				GCC_WARN_64_TO_32_BIT_CONVERSION = YES;
				GCC_WARN_ABOUT_RETURN_TYPE = YES_ERROR;
				GCC_WARN_UNDECLARED_SELECTOR = YES;
				GCC_WARN_UNINITIALIZED_AUTOS = YES_AGGRESSIVE;
				GCC_WARN_UNUSED_FUNCTION = YES;
				GCC_WARN_UNUSED_VARIABLE = YES;
				IPHONEOS_DEPLOYMENT_TARGET = 12.1;
				MTL_ENABLE_DEBUG_INFO = INCLUDE_SOURCE;
				MTL_FAST_MATH = YES;
				ONLY_ACTIVE_ARCH = YES;
				SDKROOT = iphoneos;
				SWIFT_ACTIVE_COMPILATION_CONDITIONS = DEBUG;
				SWIFT_OPTIMIZATION_LEVEL = "-Onone";
			};
			name = Debug;
		};
		5CA6D5D921FAF9D100E5229A /* Release */ = {
			isa = XCBuildConfiguration;
			buildSettings = {
				ALWAYS_SEARCH_USER_PATHS = NO;
				CLANG_ANALYZER_NONNULL = YES;
				CLANG_ANALYZER_NUMBER_OBJECT_CONVERSION = YES_AGGRESSIVE;
				CLANG_CXX_LANGUAGE_STANDARD = "gnu++14";
				CLANG_CXX_LIBRARY = "libc++";
				CLANG_ENABLE_MODULES = YES;
				CLANG_ENABLE_OBJC_ARC = YES;
				CLANG_ENABLE_OBJC_WEAK = YES;
				CLANG_WARN_BLOCK_CAPTURE_AUTORELEASING = YES;
				CLANG_WARN_BOOL_CONVERSION = YES;
				CLANG_WARN_COMMA = YES;
				CLANG_WARN_CONSTANT_CONVERSION = YES;
				CLANG_WARN_DEPRECATED_OBJC_IMPLEMENTATIONS = YES;
				CLANG_WARN_DIRECT_OBJC_ISA_USAGE = YES_ERROR;
				CLANG_WARN_DOCUMENTATION_COMMENTS = YES;
				CLANG_WARN_EMPTY_BODY = YES;
				CLANG_WARN_ENUM_CONVERSION = YES;
				CLANG_WARN_INFINITE_RECURSION = YES;
				CLANG_WARN_INT_CONVERSION = YES;
				CLANG_WARN_NON_LITERAL_NULL_CONVERSION = YES;
				CLANG_WARN_OBJC_IMPLICIT_RETAIN_SELF = YES;
				CLANG_WARN_OBJC_LITERAL_CONVERSION = YES;
				CLANG_WARN_OBJC_ROOT_CLASS = YES_ERROR;
				CLANG_WARN_RANGE_LOOP_ANALYSIS = YES;
				CLANG_WARN_STRICT_PROTOTYPES = YES;
				CLANG_WARN_SUSPICIOUS_MOVE = YES;
				CLANG_WARN_UNGUARDED_AVAILABILITY = YES_AGGRESSIVE;
				CLANG_WARN_UNREACHABLE_CODE = YES;
				CLANG_WARN__DUPLICATE_METHOD_MATCH = YES;
				CODE_SIGN_IDENTITY = "iPhone Developer";
				COPY_PHASE_STRIP = NO;
				DEBUG_INFORMATION_FORMAT = "dwarf-with-dsym";
				ENABLE_NS_ASSERTIONS = NO;
				ENABLE_STRICT_OBJC_MSGSEND = YES;
				GCC_C_LANGUAGE_STANDARD = gnu11;
				GCC_NO_COMMON_BLOCKS = YES;
				GCC_WARN_64_TO_32_BIT_CONVERSION = YES;
				GCC_WARN_ABOUT_RETURN_TYPE = YES_ERROR;
				GCC_WARN_UNDECLARED_SELECTOR = YES;
				GCC_WARN_UNINITIALIZED_AUTOS = YES_AGGRESSIVE;
				GCC_WARN_UNUSED_FUNCTION = YES;
				GCC_WARN_UNUSED_VARIABLE = YES;
				IPHONEOS_DEPLOYMENT_TARGET = 12.1;
				MTL_ENABLE_DEBUG_INFO = NO;
				MTL_FAST_MATH = YES;
				SDKROOT = iphoneos;
				SWIFT_COMPILATION_MODE = wholemodule;
				SWIFT_OPTIMIZATION_LEVEL = "-O";
				VALIDATE_PRODUCT = YES;
			};
			name = Release;
		};
		5CA6D5DB21FAF9D100E5229A /* Debug */ = {
			isa = XCBuildConfiguration;
			buildSettings = {
				ASSETCATALOG_COMPILER_APPICON_NAME = AppIcon;
				CODE_SIGN_STYLE = Manual;
				DEVELOPMENT_TEAM = Z256VMH9HM;
				INFOPLIST_FILE = AdapterPatternd/Info.plist;
				LD_RUNPATH_SEARCH_PATHS = (
					"$(inherited)",
					"@executable_path/Frameworks",
				);
				PRODUCT_BUNDLE_IDENTIFIER = com.dum22ns90.com1004.AdapterPatternd;
				PRODUCT_NAME = "$(TARGET_NAME)";
				PROVISIONING_PROFILE_SPECIFIER = 2in1;
				SWIFT_VERSION = 4.2;
				TARGETED_DEVICE_FAMILY = "1,2";
			};
			name = Debug;
		};
		5CA6D5DC21FAF9D100E5229A /* Release */ = {
			isa = XCBuildConfiguration;
			buildSettings = {
				ASSETCATALOG_COMPILER_APPICON_NAME = AppIcon;
				CODE_SIGN_STYLE = Manual;
				DEVELOPMENT_TEAM = Z256VMH9HM;
				INFOPLIST_FILE = AdapterPatternd/Info.plist;
				LD_RUNPATH_SEARCH_PATHS = (
					"$(inherited)",
					"@executable_path/Frameworks",
				);
				PRODUCT_BUNDLE_IDENTIFIER = com.dum22ns90.com1004.AdapterPatternd;
				PRODUCT_NAME = "$(TARGET_NAME)";
				PROVISIONING_PROFILE_SPECIFIER = 2in1;
				SWIFT_VERSION = 4.2;
				TARGETED_DEVICE_FAMILY = "1,2";
			};
			name = Release;
		};
/* End XCBuildConfiguration section */

/* Begin XCConfigurationList section */
		5CA6D5C321FAF9D000E5229A /* Build configuration list for PBXProject "AdapterPatternd" */ = {
			isa = XCConfigurationList;
			buildConfigurations = (
				5CA6D5D821FAF9D100E5229A /* Debug */,
				5CA6D5D921FAF9D100E5229A /* Release */,
			);
			defaultConfigurationIsVisible = 0;
			defaultConfigurationName = Release;
		};
		5CA6D5DA21FAF9D100E5229A /* Build configuration list for PBXNativeTarget "AdapterPatternd" */ = {
			isa = XCConfigurationList;
			buildConfigurations = (
				5CA6D5DB21FAF9D100E5229A /* Debug */,
				5CA6D5DC21FAF9D100E5229A /* Release */,
			);
			defaultConfigurationIsVisible = 0;
			defaultConfigurationName = Release;
		};
/* End XCConfigurationList section */
	};
	rootObject = 5CA6D5C021FAF9D000E5229A /* Project object */;
}
